
Microsoft Visual Studio Solution File, Format Version 12.00
# Visual Studio 11
Project("{FAE04EC0-301F-11D3-BF4B-00C04F79EFBC}") = "ShimsTest", "ShimsTest\ShimsTest.csproj", "{A027886B-B1C6-43EF-8CFC-B937E036DA27}"
EndProject
Global
	GlobalSection(SolutionConfigurationPlatforms) = preSolution
		Debug|Any CPU = Debug|Any CPU
		Release|Any CPU = Release|Any CPU
	EndGlobalSection
	GlobalSection(ProjectConfigurationPlatforms) = postSolution
		{A027886B-B1C6-43EF-8CFC-B937E036DA27}.Debug|Any CPU.ActiveCfg = Debug|Any CPU
		{A027886B-B1C6-43EF-8CFC-B937E036DA27}.Debug|Any CPU.Build.0 = Debug|Any CPU
		{A027886B-B1C6-43EF-8CFC-B937E036DA27}.Release|Any CPU.ActiveCfg = Release|Any CPU
		{A027886B-B1C6-43EF-8CFC-B937E036DA27}.Release|Any CPU.Build.0 = Release|Any CPU
	EndGlobalSection
	GlobalSection(SolutionProperties) = preSolution
		HideSolutionNode = FALSE
	EndGlobalSection
EndGlobal
