
Microsoft Visual Studio Solution File, Format Version 12.00
# Visual Studio 11
Project("{FAE04EC0-301F-11D3-BF4B-00C04F79EFBC}") = "WarehouseOrdering", "WarehouseOrdering\WarehouseOrdering.csproj", "{2D12FD53-0B16-4CFB-A974-8B1B1E4013FD}"
EndProject
Project("{FAE04EC0-301F-11D3-BF4B-00C04F79EFBC}") = "WarehouseOrdering.Tests", "WarehouseOrdering.Tests\WarehouseOrdering.Tests.csproj", "{DE7B1903-7AA0-43B5-A048-9DD67352D4C3}"
EndProject
Global
	GlobalSection(SolutionConfigurationPlatforms) = preSolution
		Debug|Any CPU = Debug|Any CPU
		Release|Any CPU = Release|Any CPU
	EndGlobalSection
	GlobalSection(ProjectConfigurationPlatforms) = postSolution
		{2D12FD53-0B16-4CFB-A974-8B1B1E4013FD}.Debug|Any CPU.ActiveCfg = Debug|Any CPU
		{2D12FD53-0B16-4CFB-A974-8B1B1E4013FD}.Debug|Any CPU.Build.0 = Debug|Any CPU
		{2D12FD53-0B16-4CFB-A974-8B1B1E4013FD}.Release|Any CPU.ActiveCfg = Release|Any CPU
		{2D12FD53-0B16-4CFB-A974-8B1B1E4013FD}.Release|Any CPU.Build.0 = Release|Any CPU
		{DE7B1903-7AA0-43B5-A048-9DD67352D4C3}.Debug|Any CPU.ActiveCfg = Debug|Any CPU
		{DE7B1903-7AA0-43B5-A048-9DD67352D4C3}.Debug|Any CPU.Build.0 = Debug|Any CPU
		{DE7B1903-7AA0-43B5-A048-9DD67352D4C3}.Release|Any CPU.ActiveCfg = Release|Any CPU
		{DE7B1903-7AA0-43B5-A048-9DD67352D4C3}.Release|Any CPU.Build.0 = Release|Any CPU
	EndGlobalSection
	GlobalSection(SolutionProperties) = preSolution
		HideSolutionNode = FALSE
	EndGlobalSection
EndGlobal
